
Microsoft Visual Studio Solution File, Format Version 12.00
# Visual Studio Version 17
VisualStudioVersion = 17.0.31611.283
MinimumVisualStudioVersion = 10.0.40219.1
Project("{9A19103F-16F7-4668-BE54-9A1E7A4F7556}") = "workspacer.Shared", "workspacer.Shared\workspacer.Shared.csproj", "{AD905011-F23D-4116-B914-784D7B4320CF}"
EndProject
Project("{9A19103F-16F7-4668-BE54-9A1E7A4F7556}") = "StageManager", "StageManager\StageManager.csproj", "{28C0A69C-3DBE-4908-B07A-1683141C944C}"
EndProject
Project("{2150E333-8FDC-42A3-9474-1A3956D46DE8}") = "Solution Items", "Solution Items", "{D133873F-8F26-4492-9E48-F31F4EB89B67}"
	ProjectSection(SolutionItems) = preProject
		ReadMe.md = ReadMe.md
	EndProjectSection
EndProject
Global
	GlobalSection(SolutionConfigurationPlatforms) = preSolution
		Debug|Any CPU = Debug|Any CPU
		Release|Any CPU = Release|Any CPU
	EndGlobalSection
	GlobalSection(ProjectConfigurationPlatforms) = postSolution
		{AD905011-F23D-4116-B914-784D7B4320CF}.Debug|Any CPU.ActiveCfg = Debug|Any CPU
		{AD905011-F23D-4116-B914-784D7B4320CF}.Debug|Any CPU.Build.0 = Debug|Any CPU
		{AD905011-F23D-4116-B914-784D7B4320CF}.Release|Any CPU.ActiveCfg = Release|Any CPU
		{AD905011-F23D-4116-B914-784D7B4320CF}.Release|Any CPU.Build.0 = Release|Any CPU
		{28C0A69C-3DBE-4908-B07A-1683141C944C}.Debug|Any CPU.ActiveCfg = Debug|Any CPU
		{28C0A69C-3DBE-4908-B07A-1683141C944C}.Debug|Any CPU.Build.0 = Debug|Any CPU
		{28C0A69C-3DBE-4908-B07A-1683141C944C}.Release|Any CPU.ActiveCfg = Release|Any CPU
		{28C0A69C-3DBE-4908-B07A-1683141C944C}.Release|Any CPU.Build.0 = Release|Any CPU
	EndGlobalSection
	GlobalSection(SolutionProperties) = preSolution
		HideSolutionNode = FALSE
	EndGlobalSection
	GlobalSection(ExtensibilityGlobals) = postSolution
		SolutionGuid = {61F7FB11-1E47-470C-91E2-47F8143E1572}
	EndGlobalSection
EndGlobal
